
Microsoft Visual Studio Solution File, Format Version 12.00
# Visual Studio 15
VisualStudioVersion = 15.0.28307.852
MinimumVisualStudioVersion = 10.0.40219.1
Project("{D2ABAB84-BF74-430A-B69E-9DC6D40DDA17}") = "as_ExperianCoffe", "as_ExperianCoffe\as_ExperianCoffe.dwproj", "{6F2363F8-6360-4EC4-B93F-69F306250492}"
EndProject
Global
	GlobalSection(SolutionConfigurationPlatforms) = preSolution
		Development|Default = Development|Default
	EndGlobalSection
	GlobalSection(ProjectConfigurationPlatforms) = postSolution
		{6F2363F8-6360-4EC4-B93F-69F306250492}.Development|Default.ActiveCfg = Development
		{6F2363F8-6360-4EC4-B93F-69F306250492}.Development|Default.Build.0 = Development
		{6F2363F8-6360-4EC4-B93F-69F306250492}.Development|Default.Deploy.0 = Development
	EndGlobalSection
	GlobalSection(SolutionProperties) = preSolution
		HideSolutionNode = FALSE
	EndGlobalSection
	GlobalSection(ExtensibilityGlobals) = postSolution
		SolutionGuid = {617F66A8-D93C-4748-84F0-D4B9AB2A98CD}
	EndGlobalSection
EndGlobal
